PODS:
  - CocoaAsyncSocket (7.4.1)
  - GHODictionary (1.0.9)
  - Mantle (1.5):
    - Mantle/extobjc (= 1.5)
  - Mantle/extobjc (1.5)
  - MPMessagePack (1.3.2):
    - GHODictionary
  - Riffle (0.1.2):
    - CocoaAsyncSocket (= 7.4.1)
    - Mantle (= 1.5)
    - MPMessagePack (= 1.3.2)
    - SocketRocket (= 0.4.1)
  - SocketRocket (0.4.1)

DEPENDENCIES:
  - Riffle (from `../`)

EXTERNAL SOURCES:
  Riffle:
    :path: ../

SPEC CHECKSUMS:
  CocoaAsyncSocket: 7cbf214b27f8e7f7574db6a3fd96352ffaed433d
  GHODictionary: 1f7873492445e0f33ac19575a358c3c91926b564
  Mantle: 3bf6db311c8b4a19b6be01f2483fa4590aa166f3
  MPMessagePack: 23bbb933ef1046edcf104e3556ab4a6b4b0a69d4
  Riffle: 5894b95d34519c7cd9bdaf7b9edf6c0b96b2e423
  SocketRocket: ee0b5c34182d37bb4f1f8d628bbe737718126daa

COCOAPODS: 0.39.0
