// !$*UTF8*$!
{
	archiveVersion = 1;
	classes = {
	};
	objectVersion = 46;
	objects = {

/* Begin PBXBuildFile section */
		2B80030DF613D6DB2AF09439 /* Pods_ExisiOSBackend.framework in Frameworks */ = {isa = PBXBuildFile; fileRef = C69AD7F60E7C4A1BB5B7700D /* Pods_ExisiOSBackend.framework */; };
		50CAC7E01BEE858F005E605F /* AppDelegate.swift in Sources */ = {isa = PBXBuildFile; fileRef = 50CAC7DF1BEE858F005E605F /* AppDelegate.swift */; };
		50CAC7E21BEE858F005E605F /* ViewController.swift in Sources */ = {isa = PBXBuildFile; fileRef = 50CAC7E11BEE858F005E605F /* ViewController.swift */; };
		50CAC7E51BEE858F005E605F /* Main.storyboard in Resources */ = {isa = PBXBuildFile; fileRef = 50CAC7E31BEE858F005E605F /* Main.storyboard */; };
		50CAC7E71BEE858F005E605F /* Assets.xcassets in Resources */ = {isa = PBXBuildFile; fileRef = 50CAC7E61BEE858F005E605F /* Assets.xcassets */; };
		50CAC7EA1BEE858F005E605F /* LaunchScreen.storyboard in Resources */ = {isa = PBXBuildFile; fileRef = 50CAC7E81BEE858F005E605F /* LaunchScreen.storyboard */; };
		50CAC7F81BEE8620005E605F /* main.swift in Sources */ = {isa = PBXBuildFile; fileRef = 50CAC7F71BEE8620005E605F /* main.swift */; };
		E02386283771E523C0DB0FDE /* Pods_Backend.framework in Frameworks */ = {isa = PBXBuildFile; fileRef = F00D40329FB15EE19A2D1851 /* Pods_Backend.framework */; };
/* End PBXBuildFile section */

/* Begin PBXCopyFilesBuildPhase section */
		50CAC7F31BEE8620005E605F /* CopyFiles */ = {
			isa = PBXCopyFilesBuildPhase;
			buildActionMask = 2147483647;
			dstPath = /usr/share/man/man1/;
			dstSubfolderSpec = 0;
			files = (
			);
			runOnlyForDeploymentPostprocessing = 1;
		};
/* End PBXCopyFilesBuildPhase section */

/* Begin PBXFileReference section */
		2378986456F06B686D8031C1 /* Pods-Backend.debug.xcconfig */ = {isa = PBXFileReference; includeInIndex = 1; lastKnownFileType = text.xcconfig; name = "Pods-Backend.debug.xcconfig"; path = "Pods/Target Support Files/Pods-Backend/Pods-Backend.debug.xcconfig"; sourceTree = "<group>"; };
		42220889E00C0EAFF2087DD7 /* Pods-ExisiOSBackend.release.xcconfig */ = {isa = PBXFileReference; includeInIndex = 1; lastKnownFileType = text.xcconfig; name = "Pods-ExisiOSBackend.release.xcconfig"; path = "Pods/Target Support Files/Pods-ExisiOSBackend/Pods-ExisiOSBackend.release.xcconfig"; sourceTree = "<group>"; };
		50CAC7DC1BEE858F005E605F /* ExisiOSBackend.app */ = {isa = PBXFileReference; explicitFileType = wrapper.application; includeInIndex = 0; path = ExisiOSBackend.app; sourceTree = BUILT_PRODUCTS_DIR; };
		50CAC7DF1BEE858F005E605F /* AppDelegate.swift */ = {isa = PBXFileReference; lastKnownFileType = sourcecode.swift; path = AppDelegate.swift; sourceTree = "<group>"; };
		50CAC7E11BEE858F005E605F /* ViewController.swift */ = {isa = PBXFileReference; lastKnownFileType = sourcecode.swift; path = ViewController.swift; sourceTree = "<group>"; };
		50CAC7E41BEE858F005E605F /* Base */ = {isa = PBXFileReference; lastKnownFileType = file.storyboard; name = Base; path = Base.lproj/Main.storyboard; sourceTree = "<group>"; };
		50CAC7E61BEE858F005E605F /* Assets.xcassets */ = {isa = PBXFileReference; lastKnownFileType = folder.assetcatalog; path = Assets.xcassets; sourceTree = "<group>"; };
		50CAC7E91BEE858F005E605F /* Base */ = {isa = PBXFileReference; lastKnownFileType = file.storyboard; name = Base; path = Base.lproj/LaunchScreen.storyboard; sourceTree = "<group>"; };
		50CAC7EB1BEE858F005E605F /* Info.plist */ = {isa = PBXFileReference; lastKnownFileType = text.plist.xml; path = Info.plist; sourceTree = "<group>"; };
		50CAC7F51BEE8620005E605F /* Backend */ = {isa = PBXFileReference; explicitFileType = "compiled.mach-o.executable"; includeInIndex = 0; path = Backend; sourceTree = BUILT_PRODUCTS_DIR; };
		50CAC7F71BEE8620005E605F /* main.swift */ = {isa = PBXFileReference; lastKnownFileType = sourcecode.swift; path = main.swift; sourceTree = "<group>"; };
		54B4D166BA4E81A029BF8616 /* Pods-Backend.release.xcconfig */ = {isa = PBXFileReference; includeInIndex = 1; lastKnownFileType = text.xcconfig; name = "Pods-Backend.release.xcconfig"; path = "Pods/Target Support Files/Pods-Backend/Pods-Backend.release.xcconfig"; sourceTree = "<group>"; };
		C69AD7F60E7C4A1BB5B7700D /* Pods_ExisiOSBackend.framework */ = {isa = PBXFileReference; explicitFileType = wrapper.framework; includeInIndex = 0; path = Pods_ExisiOSBackend.framework; sourceTree = BUILT_PRODUCTS_DIR; };
		F00D40329FB15EE19A2D1851 /* Pods_Backend.framework */ = {isa = PBXFileReference; explicitFileType = wrapper.framework; includeInIndex = 0; path = Pods_Backend.framework; sourceTree = BUILT_PRODUCTS_DIR; };
		FA4BB0D14DA7224BE389E52F /* Pods-ExisiOSBackend.debug.xcconfig */ = {isa = PBXFileReference; includeInIndex = 1; lastKnownFileType = text.xcconfig; name = "Pods-ExisiOSBackend.debug.xcconfig"; path = "Pods/Target Support Files/Pods-ExisiOSBackend/Pods-ExisiOSBackend.debug.xcconfig"; sourceTree = "<group>"; };
/* End PBXFileReference section */

/* Begin PBXFrameworksBuildPhase section */
		50CAC7D91BEE858F005E605F /* Frameworks */ = {
			isa = PBXFrameworksBuildPhase;
			buildActionMask = 2147483647;
			files = (
				2B80030DF613D6DB2AF09439 /* Pods_ExisiOSBackend.framework in Frameworks */,
			);
			runOnlyForDeploymentPostprocessing = 0;
		};
		50CAC7F21BEE8620005E605F /* Frameworks */ = {
			isa = PBXFrameworksBuildPhase;
			buildActionMask = 2147483647;
			files = (
				E02386283771E523C0DB0FDE /* Pods_Backend.framework in Frameworks */,
			);
			runOnlyForDeploymentPostprocessing = 0;
		};
/* End PBXFrameworksBuildPhase section */

/* Begin PBXGroup section */
		2E9906D13054517CB4FD42DB /* Pods */ = {
			isa = PBXGroup;
			children = (
				2378986456F06B686D8031C1 /* Pods-Backend.debug.xcconfig */,
				54B4D166BA4E81A029BF8616 /* Pods-Backend.release.xcconfig */,
				FA4BB0D14DA7224BE389E52F /* Pods-ExisiOSBackend.debug.xcconfig */,
				42220889E00C0EAFF2087DD7 /* Pods-ExisiOSBackend.release.xcconfig */,
			);
			name = Pods;
			sourceTree = "<group>";
		};
		50CAC7D31BEE858F005E605F = {
			isa = PBXGroup;
			children = (
				50CAC7DE1BEE858F005E605F /* ExisiOSBackend */,
				50CAC7F61BEE8620005E605F /* Backend */,
				50CAC7DD1BEE858F005E605F /* Products */,
				2E9906D13054517CB4FD42DB /* Pods */,
				BB9C43A03F2F2FFA478CA57E /* Frameworks */,
			);
			sourceTree = "<group>";
		};
		50CAC7DD1BEE858F005E605F /* Products */ = {
			isa = PBXGroup;
			children = (
				50CAC7DC1BEE858F005E605F /* ExisiOSBackend.app */,
				50CAC7F51BEE8620005E605F /* Backend */,
			);
			name = Products;
			sourceTree = "<group>";
		};
		50CAC7DE1BEE858F005E605F /* ExisiOSBackend */ = {
			isa = PBXGroup;
			children = (
				50CAC7DF1BEE858F005E605F /* AppDelegate.swift */,
				50CAC7E11BEE858F005E605F /* ViewController.swift */,
				50CAC7E31BEE858F005E605F /* Main.storyboard */,
				50CAC7E61BEE858F005E605F /* Assets.xcassets */,
				50CAC7E81BEE858F005E605F /* LaunchScreen.storyboard */,
				50CAC7EB1BEE858F005E605F /* Info.plist */,
			);
			path = ExisiOSBackend;
			sourceTree = "<group>";
		};
		50CAC7F61BEE8620005E605F /* Backend */ = {
			isa = PBXGroup;
			children = (
				50CAC7F71BEE8620005E605F /* main.swift */,
			);
			path = Backend;
			sourceTree = "<group>";
		};
		BB9C43A03F2F2FFA478CA57E /* Frameworks */ = {
			isa = PBXGroup;
			children = (
				F00D40329FB15EE19A2D1851 /* Pods_Backend.framework */,
				C69AD7F60E7C4A1BB5B7700D /* Pods_ExisiOSBackend.framework */,
			);
			name = Frameworks;
			sourceTree = "<group>";
		};
/* End PBXGroup section */

/* Begin PBXNativeTarget section */
		50CAC7DB1BEE858F005E605F /* ExisiOSBackend */ = {
			isa = PBXNativeTarget;
			buildConfigurationList = 50CAC7EE1BEE858F005E605F /* Build configuration list for PBXNativeTarget "ExisiOSBackend" */;
			buildPhases = (
				F98614F4D489AFE6B7EB18B6 /* Check Pods Manifest.lock */,
				50CAC7D81BEE858F005E605F /* Sources */,
				50CAC7D91BEE858F005E605F /* Frameworks */,
				50CAC7DA1BEE858F005E605F /* Resources */,
				C9B64FF9E467923E97154A17 /* Embed Pods Frameworks */,
				3977FD3BAFC2C502D7340DA1 /* Copy Pods Resources */,
			);
			buildRules = (
			);
			dependencies = (
			);
			name = ExisiOSBackend;
			productName = ExisiOSBackend;
			productReference = 50CAC7DC1BEE858F005E605F /* ExisiOSBackend.app */;
			productType = "com.apple.product-type.application";
		};
		50CAC7F41BEE8620005E605F /* Backend */ = {
			isa = PBXNativeTarget;
			buildConfigurationList = 50CAC7F91BEE8620005E605F /* Build configuration list for PBXNativeTarget "Backend" */;
			buildPhases = (
				E921C2F1FD1D5A716EE456E0 /* Check Pods Manifest.lock */,
				50CAC7F11BEE8620005E605F /* Sources */,
				50CAC7F21BEE8620005E605F /* Frameworks */,
				50CAC7F31BEE8620005E605F /* CopyFiles */,
				40DAAE8EA5857622D2B0E030 /* Copy Pods Resources */,
				50CAC7FC1BEE86C5005E605F /* ShellScript */,
				8C09C5751C15E122006AAA4F /* ShellScript */,
			);
			buildRules = (
			);
			dependencies = (
			);
			name = Backend;
			productName = Backend;
			productReference = 50CAC7F51BEE8620005E605F /* Backend */;
			productType = "com.apple.product-type.tool";
		};
/* End PBXNativeTarget section */

/* Begin PBXProject section */
		50CAC7D41BEE858F005E605F /* Project object */ = {
			isa = PBXProject;
			attributes = {
				LastUpgradeCheck = 0700;
				ORGANIZATIONNAME = paradrop;
				TargetAttributes = {
					50CAC7DB1BEE858F005E605F = {
						CreatedOnToolsVersion = 7.0.1;
					};
					50CAC7F41BEE8620005E605F = {
						CreatedOnToolsVersion = 7.0.1;
					};
				};
			};
			buildConfigurationList = 50CAC7D71BEE858F005E605F /* Build configuration list for PBXProject "ExisiOSBackend" */;
			compatibilityVersion = "Xcode 3.2";
			developmentRegion = English;
			hasScannedForEncodings = 0;
			knownRegions = (
				en,
				Base,
			);
			mainGroup = 50CAC7D31BEE858F005E605F;
			productRefGroup = 50CAC7DD1BEE858F005E605F /* Products */;
			projectDirPath = "";
			projectRoot = "";
			targets = (
				50CAC7DB1BEE858F005E605F /* ExisiOSBackend */,
				50CAC7F41BEE8620005E605F /* Backend */,
			);
		};
/* End PBXProject section */

/* Begin PBXResourcesBuildPhase section */
		50CAC7DA1BEE858F005E605F /* Resources */ = {
			isa = PBXResourcesBuildPhase;
			buildActionMask = 2147483647;
			files = (
				50CAC7EA1BEE858F005E605F /* LaunchScreen.storyboard in Resources */,
				50CAC7E71BEE858F005E605F /* Assets.xcassets in Resources */,
				50CAC7E51BEE858F005E605F /* Main.storyboard in Resources */,
			);
			runOnlyForDeploymentPostprocessing = 0;
		};
/* End PBXResourcesBuildPhase section */

/* Begin PBXShellScriptBuildPhase section */
		3977FD3BAFC2C502D7340DA1 /* Copy Pods Resources */ = {
			isa = PBXShellScriptBuildPhase;
			buildActionMask = 2147483647;
			files = (
			);
			inputPaths = (
			);
			name = "Copy Pods Resources";
			outputPaths = (
			);
			runOnlyForDeploymentPostprocessing = 0;
			shellPath = /bin/sh;
			shellScript = "\"${SRCROOT}/Pods/Target Support Files/Pods-ExisiOSBackend/Pods-ExisiOSBackend-resources.sh\"\n";
			showEnvVarsInLog = 0;
		};
		40DAAE8EA5857622D2B0E030 /* Copy Pods Resources */ = {
			isa = PBXShellScriptBuildPhase;
			buildActionMask = 2147483647;
			files = (
			);
			inputPaths = (
			);
			name = "Copy Pods Resources";
			outputPaths = (
			);
			runOnlyForDeploymentPostprocessing = 0;
			shellPath = /bin/sh;
			shellScript = "\"${SRCROOT}/Pods/Target Support Files/Pods-Backend/Pods-Backend-resources.sh\"\n";
			showEnvVarsInLog = 0;
		};
		50CAC7FC1BEE86C5005E605F /* ShellScript */ = {
			isa = PBXShellScriptBuildPhase;
			buildActionMask = 2147483647;
			files = (
			);
			inputPaths = (
			);
			outputPaths = (
			);
			runOnlyForDeploymentPostprocessing = 0;
			shellPath = /bin/sh;
			shellScript = "\"${SRCROOT}/Pods/Target Support Files/Pods-Backend/Pods-Backend-frameworks.sh\"";
		};
		8C09C5751C15E122006AAA4F /* ShellScript */ = {
			isa = PBXShellScriptBuildPhase;
			buildActionMask = 2147483647;
			files = (
			);
			inputPaths = (
			);
			outputPaths = (
			);
			runOnlyForDeploymentPostprocessing = 0;
			shellPath = /bin/sh;
			shellScript = "\"${SRCROOT}/Pods/Target Support Files/Pods-Backend/Pods-Backend-frameworks.sh\"";
		};
		C9B64FF9E467923E97154A17 /* Embed Pods Frameworks */ = {
			isa = PBXShellScriptBuildPhase;
			buildActionMask = 2147483647;
			files = (
			);
			inputPaths = (
			);
			name = "Embed Pods Frameworks";
			outputPaths = (
			);
			runOnlyForDeploymentPostprocessing = 0;
			shellPath = /bin/sh;
			shellScript = "\"${SRCROOT}/Pods/Target Support Files/Pods-ExisiOSBackend/Pods-ExisiOSBackend-frameworks.sh\"\n";
			showEnvVarsInLog = 0;
		};
		E921C2F1FD1D5A716EE456E0 /* Check Pods Manifest.lock */ = {
			isa = PBXShellScriptBuildPhase;
			buildActionMask = 2147483647;
			files = (
			);
			inputPaths = (
			);
			name = "Check Pods Manifest.lock";
			outputPaths = (
			);
			runOnlyForDeploymentPostprocessing = 0;
			shellPath = /bin/sh;
			shellScript = "diff \"${PODS_ROOT}/../Podfile.lock\" \"${PODS_ROOT}/Manifest.lock\" > /dev/null\nif [[ $? != 0 ]] ; then\n    cat << EOM\nerror: The sandbox is not in sync with the Podfile.lock. Run 'pod install' or update your CocoaPods installation.\nEOM\n    exit 1\nfi\n";
			showEnvVarsInLog = 0;
		};
		F98614F4D489AFE6B7EB18B6 /* Check Pods Manifest.lock */ = {
			isa = PBXShellScriptBuildPhase;
			buildActionMask = 2147483647;
			files = (
			);
			inputPaths = (
			);
			name = "Check Pods Manifest.lock";
			outputPaths = (
			);
			runOnlyForDeploymentPostprocessing = 0;
			shellPath = /bin/sh;
			shellScript = "diff \"${PODS_ROOT}/../Podfile.lock\" \"${PODS_ROOT}/Manifest.lock\" > /dev/null\nif [[ $? != 0 ]] ; then\n    cat << EOM\nerror: The sandbox is not in sync with the Podfile.lock. Run 'pod install' or update your CocoaPods installation.\nEOM\n    exit 1\nfi\n";
			showEnvVarsInLog = 0;
		};
/* End PBXShellScriptBuildPhase section */

/* Begin PBXSourcesBuildPhase section */
		50CAC7D81BEE858F005E605F /* Sources */ = {
			isa = PBXSourcesBuildPhase;
			buildActionMask = 2147483647;
			files = (
				50CAC7E21BEE858F005E605F /* ViewController.swift in Sources */,
				50CAC7E01BEE858F005E605F /* AppDelegate.swift in Sources */,
			);
			runOnlyForDeploymentPostprocessing = 0;
		};
		50CAC7F11BEE8620005E605F /* Sources */ = {
			isa = PBXSourcesBuildPhase;
			buildActionMask = 2147483647;
			files = (
				50CAC7F81BEE8620005E605F /* main.swift in Sources */,
			);
			runOnlyForDeploymentPostprocessing = 0;
		};
/* End PBXSourcesBuildPhase section */

/* Begin PBXVariantGroup section */
		50CAC7E31BEE858F005E605F /* Main.storyboard */ = {
			isa = PBXVariantGroup;
			children = (
				50CAC7E41BEE858F005E605F /* Base */,
			);
			name = Main.storyboard;
			sourceTree = "<group>";
		};
		50CAC7E81BEE858F005E605F /* LaunchScreen.storyboard */ = {
			isa = PBXVariantGroup;
			children = (
				50CAC7E91BEE858F005E605F /* Base */,
			);
			name = LaunchScreen.storyboard;
			sourceTree = "<group>";
		};
/* End PBXVariantGroup section */

/* Begin XCBuildConfiguration section */
		50CAC7EC1BEE858F005E605F /* Debug */ = {
			isa = XCBuildConfiguration;
			buildSettings = {
				ALWAYS_SEARCH_USER_PATHS = NO;
				CLANG_CXX_LANGUAGE_STANDARD = "gnu++0x";
				CLANG_CXX_LIBRARY = "libc++";
				CLANG_ENABLE_MODULES = YES;
				CLANG_ENABLE_OBJC_ARC = YES;
				CLANG_WARN_BOOL_CONVERSION = YES;
				CLANG_WARN_CONSTANT_CONVERSION = YES;
				CLANG_WARN_DIRECT_OBJC_ISA_USAGE = YES_ERROR;
				CLANG_WARN_EMPTY_BODY = YES;
				CLANG_WARN_ENUM_CONVERSION = YES;
				CLANG_WARN_INT_CONVERSION = YES;
				CLANG_WARN_OBJC_ROOT_CLASS = YES_ERROR;
				CLANG_WARN_UNREACHABLE_CODE = YES;
				CLANG_WARN__DUPLICATE_METHOD_MATCH = YES;
				"CODE_SIGN_IDENTITY[sdk=iphoneos*]" = "iPhone Developer";
				COPY_PHASE_STRIP = NO;
				DEBUG_INFORMATION_FORMAT = dwarf;
				ENABLE_STRICT_OBJC_MSGSEND = YES;
				ENABLE_TESTABILITY = YES;
				GCC_C_LANGUAGE_STANDARD = gnu99;
				GCC_DYNAMIC_NO_PIC = NO;
				GCC_NO_COMMON_BLOCKS = YES;
				GCC_OPTIMIZATION_LEVEL = 0;
				GCC_PREPROCESSOR_DEFINITIONS = (
					"DEBUG=1",
					"$(inherited)",
				);
				GCC_WARN_64_TO_32_BIT_CONVERSION = YES;
				GCC_WARN_ABOUT_RETURN_TYPE = YES_ERROR;
				GCC_WARN_UNDECLARED_SELECTOR = YES;
				GCC_WARN_UNINITIALIZED_AUTOS = YES_AGGRESSIVE;
				GCC_WARN_UNUSED_FUNCTION = YES;
				GCC_WARN_UNUSED_VARIABLE = YES;
				IPHONEOS_DEPLOYMENT_TARGET = 9.0;
				MTL_ENABLE_DEBUG_INFO = YES;
				ONLY_ACTIVE_ARCH = YES;
				SDKROOT = iphoneos;
				SWIFT_OPTIMIZATION_LEVEL = "-Onone";
				TARGETED_DEVICE_FAMILY = "1,2";
			};
			name = Debug;
		};
		50CAC7ED1BEE858F005E605F /* Release */ = {
			isa = XCBuildConfiguration;
			buildSettings = {
				ALWAYS_SEARCH_USER_PATHS = NO;
				CLANG_CXX_LANGUAGE_STANDARD = "gnu++0x";
				CLANG_CXX_LIBRARY = "libc++";
				CLANG_ENABLE_MODULES = YES;
				CLANG_ENABLE_OBJC_ARC = YES;
				CLANG_WARN_BOOL_CONVERSION = YES;
				CLANG_WARN_CONSTANT_CONVERSION = YES;
				CLANG_WARN_DIRECT_OBJC_ISA_USAGE = YES_ERROR;
				CLANG_WARN_EMPTY_BODY = YES;
				CLANG_WARN_ENUM_CONVERSION = YES;
				CLANG_WARN_INT_CONVERSION = YES;
				CLANG_WARN_OBJC_ROOT_CLASS = YES_ERROR;
				CLANG_WARN_UNREACHABLE_CODE = YES;
				CLANG_WARN__DUPLICATE_METHOD_MATCH = YES;
				"CODE_SIGN_IDENTITY[sdk=iphoneos*]" = "iPhone Developer";
				COPY_PHASE_STRIP = NO;
				DEBUG_INFORMATION_FORMAT = "dwarf-with-dsym";
				ENABLE_NS_ASSERTIONS = NO;
				ENABLE_STRICT_OBJC_MSGSEND = YES;
				GCC_C_LANGUAGE_STANDARD = gnu99;
				GCC_NO_COMMON_BLOCKS = YES;
				GCC_WARN_64_TO_32_BIT_CONVERSION = YES;
				GCC_WARN_ABOUT_RETURN_TYPE = YES_ERROR;
				GCC_WARN_UNDECLARED_SELECTOR = YES;
				GCC_WARN_UNINITIALIZED_AUTOS = YES_AGGRESSIVE;
				GCC_WARN_UNUSED_FUNCTION = YES;
				GCC_WARN_UNUSED_VARIABLE = YES;
				IPHONEOS_DEPLOYMENT_TARGET = 9.0;
				MTL_ENABLE_DEBUG_INFO = NO;
				SDKROOT = iphoneos;
				TARGETED_DEVICE_FAMILY = "1,2";
				VALIDATE_PRODUCT = YES;
			};
			name = Release;
		};
		50CAC7EF1BEE858F005E605F /* Debug */ = {
			isa = XCBuildConfiguration;
			baseConfigurationReference = FA4BB0D14DA7224BE389E52F /* Pods-ExisiOSBackend.debug.xcconfig */;
			buildSettings = {
				ASSETCATALOG_COMPILER_APPICON_NAME = AppIcon;
				INFOPLIST_FILE = ExisiOSBackend/Info.plist;
				LD_RUNPATH_SEARCH_PATHS = "$(inherited) @executable_path/Frameworks";
				PRODUCT_BUNDLE_IDENTIFIER = com.paradrop.ExisiOSBackend;
				PRODUCT_NAME = "$(TARGET_NAME)";
			};
			name = Debug;
		};
		50CAC7F01BEE858F005E605F /* Release */ = {
			isa = XCBuildConfiguration;
			baseConfigurationReference = 42220889E00C0EAFF2087DD7 /* Pods-ExisiOSBackend.release.xcconfig */;
			buildSettings = {
				ASSETCATALOG_COMPILER_APPICON_NAME = AppIcon;
				INFOPLIST_FILE = ExisiOSBackend/Info.plist;
				LD_RUNPATH_SEARCH_PATHS = "$(inherited) @executable_path/Frameworks";
				PRODUCT_BUNDLE_IDENTIFIER = com.paradrop.ExisiOSBackend;
				PRODUCT_NAME = "$(TARGET_NAME)";
			};
			name = Release;
		};
		50CAC7FA1BEE8620005E605F /* Debug */ = {
			isa = XCBuildConfiguration;
			baseConfigurationReference = 2378986456F06B686D8031C1 /* Pods-Backend.debug.xcconfig */;
			buildSettings = {
				MACOSX_DEPLOYMENT_TARGET = 10.11;
				PRODUCT_NAME = "$(TARGET_NAME)";
				SDKROOT = macosx;
			};
			name = Debug;
		};
		50CAC7FB1BEE8620005E605F /* Release */ = {
			isa = XCBuildConfiguration;
			baseConfigurationReference = 54B4D166BA4E81A029BF8616 /* Pods-Backend.release.xcconfig */;
			buildSettings = {
				MACOSX_DEPLOYMENT_TARGET = 10.11;
				PRODUCT_NAME = "$(TARGET_NAME)";
				SDKROOT = macosx;
			};
			name = Release;
		};
/* End XCBuildConfiguration section */

/* Begin XCConfigurationList section */
		50CAC7D71BEE858F005E605F /* Build configuration list for PBXProject "ExisiOSBackend" */ = {
			isa = XCConfigurationList;
			buildConfigurations = (
				50CAC7EC1BEE858F005E605F /* Debug */,
				50CAC7ED1BEE858F005E605F /* Release */,
			);
			defaultConfigurationIsVisible = 0;
			defaultConfigurationName = Release;
		};
		50CAC7EE1BEE858F005E605F /* Build configuration list for PBXNativeTarget "ExisiOSBackend" */ = {
			isa = XCConfigurationList;
			buildConfigurations = (
				50CAC7EF1BEE858F005E605F /* Debug */,
				50CAC7F01BEE858F005E605F /* Release */,
			);
			defaultConfigurationIsVisible = 0;
			defaultConfigurationName = Release;
		};
		50CAC7F91BEE8620005E605F /* Build configuration list for PBXNativeTarget "Backend" */ = {
			isa = XCConfigurationList;
			buildConfigurations = (
				50CAC7FA1BEE8620005E605F /* Debug */,
				50CAC7FB1BEE8620005E605F /* Release */,
			);
			defaultConfigurationIsVisible = 0;
			defaultConfigurationName = Release;
		};
/* End XCConfigurationList section */
	};
	rootObject = 50CAC7D41BEE858F005E605F /* Project object */;
}
