// !$*UTF8*$!
{
	archiveVersion = 1;
	classes = {
	};
	objectVersion = 46;
	objects = {

/* Begin PBXBuildFile section */
		503ACCA01C2034B00090DB6C /* IosMantle.framework in Frameworks */ = {isa = PBXBuildFile; fileRef = 503ACC9F1C2034B00090DB6C /* IosMantle.framework */; };
		50533C331C02C49400E046D0 /* AppDelegate.swift in Sources */ = {isa = PBXBuildFile; fileRef = 50533C321C02C49400E046D0 /* AppDelegate.swift */; };
		50533C351C02C49400E046D0 /* ViewController.swift in Sources */ = {isa = PBXBuildFile; fileRef = 50533C341C02C49400E046D0 /* ViewController.swift */; };
		50533C381C02C49400E046D0 /* Main.storyboard in Resources */ = {isa = PBXBuildFile; fileRef = 50533C361C02C49400E046D0 /* Main.storyboard */; };
		50533C3A1C02C49400E046D0 /* Assets.xcassets in Resources */ = {isa = PBXBuildFile; fileRef = 50533C391C02C49400E046D0 /* Assets.xcassets */; };
		50533C3D1C02C49400E046D0 /* LaunchScreen.storyboard in Resources */ = {isa = PBXBuildFile; fileRef = 50533C3B1C02C49400E046D0 /* LaunchScreen.storyboard */; };
/* End PBXBuildFile section */

/* Begin PBXFileReference section */
		503ACC9F1C2034B00090DB6C /* IosMantle.framework */ = {isa = PBXFileReference; lastKnownFileType = wrapper.framework; path = IosMantle.framework; sourceTree = "<group>"; };
		50533C2F1C02C49400E046D0 /* RiffleTesterIos.app */ = {isa = PBXFileReference; explicitFileType = wrapper.application; includeInIndex = 0; path = RiffleTesterIos.app; sourceTree = BUILT_PRODUCTS_DIR; };
		50533C321C02C49400E046D0 /* AppDelegate.swift */ = {isa = PBXFileReference; lastKnownFileType = sourcecode.swift; path = AppDelegate.swift; sourceTree = "<group>"; };
		50533C341C02C49400E046D0 /* ViewController.swift */ = {isa = PBXFileReference; lastKnownFileType = sourcecode.swift; path = ViewController.swift; sourceTree = "<group>"; };
		50533C371C02C49400E046D0 /* Base */ = {isa = PBXFileReference; lastKnownFileType = file.storyboard; name = Base; path = Base.lproj/Main.storyboard; sourceTree = "<group>"; };
		50533C391C02C49400E046D0 /* Assets.xcassets */ = {isa = PBXFileReference; lastKnownFileType = folder.assetcatalog; path = Assets.xcassets; sourceTree = "<group>"; };
		50533C3C1C02C49400E046D0 /* Base */ = {isa = PBXFileReference; lastKnownFileType = file.storyboard; name = Base; path = Base.lproj/LaunchScreen.storyboard; sourceTree = "<group>"; };
		50533C3E1C02C49400E046D0 /* Info.plist */ = {isa = PBXFileReference; lastKnownFileType = text.plist.xml; path = Info.plist; sourceTree = "<group>"; };
		50533C461C02C4BC00E046D0 /* Bridge.h */ = {isa = PBXFileReference; lastKnownFileType = sourcecode.c.h; path = Bridge.h; sourceTree = "<group>"; };
/* End PBXFileReference section */

/* Begin PBXFrameworksBuildPhase section */
		50533C2C1C02C49400E046D0 /* Frameworks */ = {
			isa = PBXFrameworksBuildPhase;
			buildActionMask = 2147483647;
			files = (
				503ACCA01C2034B00090DB6C /* IosMantle.framework in Frameworks */,
			);
			runOnlyForDeploymentPostprocessing = 0;
		};
/* End PBXFrameworksBuildPhase section */

/* Begin PBXGroup section */
		50533C261C02C49400E046D0 = {
			isa = PBXGroup;
			children = (
				50533C311C02C49400E046D0 /* RiffleTesterIos */,
				50533C301C02C49400E046D0 /* Products */,
			);
			sourceTree = "<group>";
		};
		50533C301C02C49400E046D0 /* Products */ = {
			isa = PBXGroup;
			children = (
				50533C2F1C02C49400E046D0 /* RiffleTesterIos.app */,
			);
			name = Products;
			sourceTree = "<group>";
		};
		50533C311C02C49400E046D0 /* RiffleTesterIos */ = {
			isa = PBXGroup;
			children = (
				503ACC9F1C2034B00090DB6C /* IosMantle.framework */,
				50533C321C02C49400E046D0 /* AppDelegate.swift */,
				50533C341C02C49400E046D0 /* ViewController.swift */,
				50533C461C02C4BC00E046D0 /* Bridge.h */,
				50533C361C02C49400E046D0 /* Main.storyboard */,
				50533C391C02C49400E046D0 /* Assets.xcassets */,
				50533C3B1C02C49400E046D0 /* LaunchScreen.storyboard */,
				50533C3E1C02C49400E046D0 /* Info.plist */,
			);
			path = RiffleTesterIos;
			sourceTree = "<group>";
		};
/* End PBXGroup section */

/* Begin PBXNativeTarget section */
		50533C2E1C02C49400E046D0 /* RiffleTesterIos */ = {
			isa = PBXNativeTarget;
			buildConfigurationList = 50533C411C02C49400E046D0 /* Build configuration list for PBXNativeTarget "RiffleTesterIos" */;
			buildPhases = (
				50533C2B1C02C49400E046D0 /* Sources */,
				50533C2C1C02C49400E046D0 /* Frameworks */,
				50533C2D1C02C49400E046D0 /* Resources */,
			);
			buildRules = (
			);
			dependencies = (
			);
			name = RiffleTesterIos;
			productName = RiffleTesterIos;
			productReference = 50533C2F1C02C49400E046D0 /* RiffleTesterIos.app */;
			productType = "com.apple.product-type.application";
		};
/* End PBXNativeTarget section */

/* Begin PBXProject section */
		50533C271C02C49400E046D0 /* Project object */ = {
			isa = PBXProject;
			attributes = {
				LastSwiftUpdateCheck = 0710;
				LastUpgradeCheck = 0710;
				ORGANIZATIONNAME = exis;
				TargetAttributes = {
					50533C2E1C02C49400E046D0 = {
						CreatedOnToolsVersion = 7.1.1;
					};
				};
			};
			buildConfigurationList = 50533C2A1C02C49400E046D0 /* Build configuration list for PBXProject "RiffleTesterIos" */;
			compatibilityVersion = "Xcode 3.2";
			developmentRegion = English;
			hasScannedForEncodings = 0;
			knownRegions = (
				en,
				Base,
			);
			mainGroup = 50533C261C02C49400E046D0;
			productRefGroup = 50533C301C02C49400E046D0 /* Products */;
			projectDirPath = "";
			projectRoot = "";
			targets = (
				50533C2E1C02C49400E046D0 /* RiffleTesterIos */,
			);
		};
/* End PBXProject section */

/* Begin PBXResourcesBuildPhase section */
		50533C2D1C02C49400E046D0 /* Resources */ = {
			isa = PBXResourcesBuildPhase;
			buildActionMask = 2147483647;
			files = (
				50533C3D1C02C49400E046D0 /* LaunchScreen.storyboard in Resources */,
				50533C3A1C02C49400E046D0 /* Assets.xcassets in Resources */,
				50533C381C02C49400E046D0 /* Main.storyboard in Resources */,
			);
			runOnlyForDeploymentPostprocessing = 0;
		};
/* End PBXResourcesBuildPhase section */

/* Begin PBXSourcesBuildPhase section */
		50533C2B1C02C49400E046D0 /* Sources */ = {
			isa = PBXSourcesBuildPhase;
			buildActionMask = 2147483647;
			files = (
				50533C351C02C49400E046D0 /* ViewController.swift in Sources */,
				50533C331C02C49400E046D0 /* AppDelegate.swift in Sources */,
			);
			runOnlyForDeploymentPostprocessing = 0;
		};
/* End PBXSourcesBuildPhase section */

/* Begin PBXVariantGroup section */
		50533C361C02C49400E046D0 /* Main.storyboard */ = {
			isa = PBXVariantGroup;
			children = (
				50533C371C02C49400E046D0 /* Base */,
			);
			name = Main.storyboard;
			sourceTree = "<group>";
		};
		50533C3B1C02C49400E046D0 /* LaunchScreen.storyboard */ = {
			isa = PBXVariantGroup;
			children = (
				50533C3C1C02C49400E046D0 /* Base */,
			);
			name = LaunchScreen.storyboard;
			sourceTree = "<group>";
		};
/* End PBXVariantGroup section */

/* Begin XCBuildConfiguration section */
		50533C3F1C02C49400E046D0 /* Debug */ = {
			isa = XCBuildConfiguration;
			buildSettings = {
				ALWAYS_SEARCH_USER_PATHS = NO;
				CLANG_CXX_LANGUAGE_STANDARD = "gnu++0x";
				CLANG_CXX_LIBRARY = "libc++";
				CLANG_ENABLE_MODULES = YES;
				CLANG_ENABLE_OBJC_ARC = YES;
				CLANG_WARN_BOOL_CONVERSION = YES;
				CLANG_WARN_CONSTANT_CONVERSION = YES;
				CLANG_WARN_DIRECT_OBJC_ISA_USAGE = YES_ERROR;
				CLANG_WARN_EMPTY_BODY = YES;
				CLANG_WARN_ENUM_CONVERSION = YES;
				CLANG_WARN_INT_CONVERSION = YES;
				CLANG_WARN_OBJC_ROOT_CLASS = YES_ERROR;
				CLANG_WARN_UNREACHABLE_CODE = YES;
				CLANG_WARN__DUPLICATE_METHOD_MATCH = YES;
				"CODE_SIGN_IDENTITY[sdk=iphoneos*]" = "iPhone Developer";
				COPY_PHASE_STRIP = NO;
				DEBUG_INFORMATION_FORMAT = dwarf;
				ENABLE_STRICT_OBJC_MSGSEND = YES;
				ENABLE_TESTABILITY = YES;
				GCC_C_LANGUAGE_STANDARD = gnu99;
				GCC_DYNAMIC_NO_PIC = NO;
				GCC_NO_COMMON_BLOCKS = YES;
				GCC_OPTIMIZATION_LEVEL = 0;
				GCC_PREPROCESSOR_DEFINITIONS = (
					"DEBUG=1",
					"$(inherited)",
				);
				GCC_WARN_64_TO_32_BIT_CONVERSION = YES;
				GCC_WARN_ABOUT_RETURN_TYPE = YES_ERROR;
				GCC_WARN_UNDECLARED_SELECTOR = YES;
				GCC_WARN_UNINITIALIZED_AUTOS = YES_AGGRESSIVE;
				GCC_WARN_UNUSED_FUNCTION = YES;
				GCC_WARN_UNUSED_VARIABLE = YES;
				IPHONEOS_DEPLOYMENT_TARGET = 9.1;
				MTL_ENABLE_DEBUG_INFO = YES;
				ONLY_ACTIVE_ARCH = YES;
				SDKROOT = iphoneos;
				SWIFT_OPTIMIZATION_LEVEL = "-Onone";
				TARGETED_DEVICE_FAMILY = "1,2";
			};
			name = Debug;
		};
		50533C401C02C49400E046D0 /* Release */ = {
			isa = XCBuildConfiguration;
			buildSettings = {
				ALWAYS_SEARCH_USER_PATHS = NO;
				CLANG_CXX_LANGUAGE_STANDARD = "gnu++0x";
				CLANG_CXX_LIBRARY = "libc++";
				CLANG_ENABLE_MODULES = YES;
				CLANG_ENABLE_OBJC_ARC = YES;
				CLANG_WARN_BOOL_CONVERSION = YES;
				CLANG_WARN_CONSTANT_CONVERSION = YES;
				CLANG_WARN_DIRECT_OBJC_ISA_USAGE = YES_ERROR;
				CLANG_WARN_EMPTY_BODY = YES;
				CLANG_WARN_ENUM_CONVERSION = YES;
				CLANG_WARN_INT_CONVERSION = YES;
				CLANG_WARN_OBJC_ROOT_CLASS = YES_ERROR;
				CLANG_WARN_UNREACHABLE_CODE = YES;
				CLANG_WARN__DUPLICATE_METHOD_MATCH = YES;
				"CODE_SIGN_IDENTITY[sdk=iphoneos*]" = "iPhone Developer";
				COPY_PHASE_STRIP = NO;
				DEBUG_INFORMATION_FORMAT = "dwarf-with-dsym";
				ENABLE_NS_ASSERTIONS = NO;
				ENABLE_STRICT_OBJC_MSGSEND = YES;
				GCC_C_LANGUAGE_STANDARD = gnu99;
				GCC_NO_COMMON_BLOCKS = YES;
				GCC_WARN_64_TO_32_BIT_CONVERSION = YES;
				GCC_WARN_ABOUT_RETURN_TYPE = YES_ERROR;
				GCC_WARN_UNDECLARED_SELECTOR = YES;
				GCC_WARN_UNINITIALIZED_AUTOS = YES_AGGRESSIVE;
				GCC_WARN_UNUSED_FUNCTION = YES;
				GCC_WARN_UNUSED_VARIABLE = YES;
				IPHONEOS_DEPLOYMENT_TARGET = 9.1;
				MTL_ENABLE_DEBUG_INFO = NO;
				SDKROOT = iphoneos;
				TARGETED_DEVICE_FAMILY = "1,2";
				VALIDATE_PRODUCT = YES;
			};
			name = Release;
		};
		50533C421C02C49400E046D0 /* Debug */ = {
			isa = XCBuildConfiguration;
			buildSettings = {
				ASSETCATALOG_COMPILER_APPICON_NAME = AppIcon;
				ENABLE_BITCODE = NO;
				FRAMEWORK_SEARCH_PATHS = (
					"$(inherited)",
					"$(PROJECT_DIR)",
					"$(PROJECT_DIR)/RiffleTesterIos",
				);
				INFOPLIST_FILE = RiffleTesterIos/Info.plist;
				LD_RUNPATH_SEARCH_PATHS = "$(inherited) @executable_path/Frameworks";
				LIBRARY_SEARCH_PATHS = (
					"$(inherited)",
					"$(PROJECT_DIR)/RiffleTesterIos",
				);
				PRODUCT_BUNDLE_IDENTIFIER = com.paradrop.RiffleTesterIos;
				PRODUCT_NAME = "$(TARGET_NAME)";
				SWIFT_OBJC_BRIDGING_HEADER = RiffleTesterios/Bridge.h;
			};
			name = Debug;
		};
		50533C431C02C49400E046D0 /* Release */ = {
			isa = XCBuildConfiguration;
			buildSettings = {
				ASSETCATALOG_COMPILER_APPICON_NAME = AppIcon;
				ENABLE_BITCODE = NO;
				FRAMEWORK_SEARCH_PATHS = (
					"$(inherited)",
					"$(PROJECT_DIR)",
					"$(PROJECT_DIR)/RiffleTesterIos",
				);
				INFOPLIST_FILE = RiffleTesterIos/Info.plist;
				LD_RUNPATH_SEARCH_PATHS = "$(inherited) @executable_path/Frameworks";
				LIBRARY_SEARCH_PATHS = (
					"$(inherited)",
					"$(PROJECT_DIR)/RiffleTesterIos",
				);
				PRODUCT_BUNDLE_IDENTIFIER = com.paradrop.RiffleTesterIos;
				PRODUCT_NAME = "$(TARGET_NAME)";
				SWIFT_OBJC_BRIDGING_HEADER = RiffleTesterios/Bridge.h;
			};
			name = Release;
		};
/* End XCBuildConfiguration section */

/* Begin XCConfigurationList section */
		50533C2A1C02C49400E046D0 /* Build configuration list for PBXProject "RiffleTesterIos" */ = {
			isa = XCConfigurationList;
			buildConfigurations = (
				50533C3F1C02C49400E046D0 /* Debug */,
				50533C401C02C49400E046D0 /* Release */,
			);
			defaultConfigurationIsVisible = 0;
			defaultConfigurationName = Release;
		};
		50533C411C02C49400E046D0 /* Build configuration list for PBXNativeTarget "RiffleTesterIos" */ = {
			isa = XCConfigurationList;
			buildConfigurations = (
				50533C421C02C49400E046D0 /* Debug */,
				50533C431C02C49400E046D0 /* Release */,
			);
			defaultConfigurationIsVisible = 0;
			defaultConfigurationName = Release;
		};
/* End XCConfigurationList section */
	};
	rootObject = 50533C271C02C49400E046D0 /* Project object */;
}
