PODS:
  - Riffle (0.2.03)

DEPENDENCIES:
  - Riffle (from `https://github.com/exis-io/swiftRiffleCocoapod`)

EXTERNAL SOURCES:
  Riffle:
    :git: https://github.com/exis-io/swiftRiffleCocoapod

CHECKOUT OPTIONS:
  Riffle:
    :commit: 5b85bea8be8b1e0dd6b2b4c277b678aa621eee5b
    :git: https://github.com/exis-io/swiftRiffleCocoapod

SPEC CHECKSUMS:
  Riffle: acea4736af153233c407e45d040864777ce73cf3

PODFILE CHECKSUM: 23a4dae77545bb325d75c917d80684805bf619c9

COCOAPODS: 1.0.0.beta.5
