// !$*UTF8*$!
{
	archiveVersion = 1;
	classes = {
	};
	objectVersion = 46;
	objects = {

/* Begin PBXBuildFile section */
		503ACCA51C339E260090DB6C /* CuminicableExtensions.swift in Sources */ = {isa = PBXBuildFile; fileRef = 503ACCA41C339E260090DB6C /* CuminicableExtensions.swift */; };
		504D0A131C332F8F009F5A7B /* riffle.a in Frameworks */ = {isa = PBXBuildFile; fileRef = 504D0A111C332F8F009F5A7B /* riffle.a */; };
		504D0A181C332FA8009F5A7B /* Json.swift in Sources */ = {isa = PBXBuildFile; fileRef = 504D0A141C332FA8009F5A7B /* Json.swift */; };
		504D0A1D1C332FE9009F5A7B /* main.swift in Sources */ = {isa = PBXBuildFile; fileRef = 504D0A1C1C332FE9009F5A7B /* main.swift */; };
		504D0A221C333FC9009F5A7B /* Cumin.swift in Sources */ = {isa = PBXBuildFile; fileRef = 504D0A1E1C333FC9009F5A7B /* Cumin.swift */; };
		504D0A231C333FC9009F5A7B /* Deferred.swift in Sources */ = {isa = PBXBuildFile; fileRef = 504D0A1F1C333FC9009F5A7B /* Deferred.swift */; };
		504D0A241C333FC9009F5A7B /* Domain.swift in Sources */ = {isa = PBXBuildFile; fileRef = 504D0A201C333FC9009F5A7B /* Domain.swift */; };
		504D0A251C333FC9009F5A7B /* Utils.swift in Sources */ = {isa = PBXBuildFile; fileRef = 504D0A211C333FC9009F5A7B /* Utils.swift */; };
		5077CE3E1C334EEB00152D00 /* GenericShotgun.swift in Sources */ = {isa = PBXBuildFile; fileRef = 5077CE3C1C334EEB00152D00 /* GenericShotgun.swift */; };
		5077CE3F1C334EEB00152D00 /* Model.swift in Sources */ = {isa = PBXBuildFile; fileRef = 5077CE3D1C334EEB00152D00 /* Model.swift */; };
		5077CE411C335EE700152D00 /* Silver.swift in Sources */ = {isa = PBXBuildFile; fileRef = 5077CE401C335EE700152D00 /* Silver.swift */; };
/* End PBXBuildFile section */

/* Begin PBXCopyFilesBuildPhase section */
		504D0A031C3324B3009F5A7B /* CopyFiles */ = {
			isa = PBXCopyFilesBuildPhase;
			buildActionMask = 2147483647;
			dstPath = /usr/share/man/man1/;
			dstSubfolderSpec = 0;
			files = (
			);
			runOnlyForDeploymentPostprocessing = 1;
		};
/* End PBXCopyFilesBuildPhase section */

/* Begin PBXFileReference section */
		503ACCA41C339E260090DB6C /* CuminicableExtensions.swift */ = {isa = PBXFileReference; fileEncoding = 4; lastKnownFileType = sourcecode.swift; path = CuminicableExtensions.swift; sourceTree = SOURCE_ROOT; };
		503ACCA61C33A3450090DB6C /* MyPlayground.playground */ = {isa = PBXFileReference; lastKnownFileType = file.playground; path = MyPlayground.playground; sourceTree = "<group>"; };
		504D0A051C3324B3009F5A7B /* SwiftRiffle */ = {isa = PBXFileReference; explicitFileType = "compiled.mach-o.executable"; includeInIndex = 0; path = SwiftRiffle; sourceTree = BUILT_PRODUCTS_DIR; };
		504D0A0F1C332F8F009F5A7B /* Bridge.h */ = {isa = PBXFileReference; fileEncoding = 4; lastKnownFileType = sourcecode.c.h; path = Bridge.h; sourceTree = SOURCE_ROOT; };
		504D0A111C332F8F009F5A7B /* riffle.a */ = {isa = PBXFileReference; lastKnownFileType = archive.ar; path = riffle.a; sourceTree = SOURCE_ROOT; };
		504D0A121C332F8F009F5A7B /* riffle.h */ = {isa = PBXFileReference; fileEncoding = 4; lastKnownFileType = sourcecode.c.h; path = riffle.h; sourceTree = SOURCE_ROOT; };
		504D0A141C332FA8009F5A7B /* Json.swift */ = {isa = PBXFileReference; fileEncoding = 4; lastKnownFileType = sourcecode.swift; name = Json.swift; path = Riffle/Json.swift; sourceTree = SOURCE_ROOT; };
		504D0A1C1C332FE9009F5A7B /* main.swift */ = {isa = PBXFileReference; fileEncoding = 4; lastKnownFileType = sourcecode.swift; path = main.swift; sourceTree = SOURCE_ROOT; };
		504D0A1E1C333FC9009F5A7B /* Cumin.swift */ = {isa = PBXFileReference; fileEncoding = 4; lastKnownFileType = sourcecode.swift; name = Cumin.swift; path = Riffle/Cumin.swift; sourceTree = SOURCE_ROOT; };
		504D0A1F1C333FC9009F5A7B /* Deferred.swift */ = {isa = PBXFileReference; fileEncoding = 4; lastKnownFileType = sourcecode.swift; name = Deferred.swift; path = Riffle/Deferred.swift; sourceTree = SOURCE_ROOT; };
		504D0A201C333FC9009F5A7B /* Domain.swift */ = {isa = PBXFileReference; fileEncoding = 4; lastKnownFileType = sourcecode.swift; name = Domain.swift; path = Riffle/Domain.swift; sourceTree = SOURCE_ROOT; };
		504D0A211C333FC9009F5A7B /* Utils.swift */ = {isa = PBXFileReference; fileEncoding = 4; lastKnownFileType = sourcecode.swift; name = Utils.swift; path = Riffle/Utils.swift; sourceTree = SOURCE_ROOT; };
		5077CE3C1C334EEB00152D00 /* GenericShotgun.swift */ = {isa = PBXFileReference; fileEncoding = 4; lastKnownFileType = sourcecode.swift; name = GenericShotgun.swift; path = Riffle/GenericShotgun.swift; sourceTree = SOURCE_ROOT; };
		5077CE3D1C334EEB00152D00 /* Model.swift */ = {isa = PBXFileReference; fileEncoding = 4; lastKnownFileType = sourcecode.swift; name = Model.swift; path = Riffle/Model.swift; sourceTree = SOURCE_ROOT; };
		5077CE401C335EE700152D00 /* Silver.swift */ = {isa = PBXFileReference; fileEncoding = 4; lastKnownFileType = sourcecode.swift; name = Silver.swift; path = Riffle/Silver.swift; sourceTree = SOURCE_ROOT; };
/* End PBXFileReference section */

/* Begin PBXFrameworksBuildPhase section */
		504D0A021C3324B3009F5A7B /* Frameworks */ = {
			isa = PBXFrameworksBuildPhase;
			buildActionMask = 2147483647;
			files = (
				504D0A131C332F8F009F5A7B /* riffle.a in Frameworks */,
			);
			runOnlyForDeploymentPostprocessing = 0;
		};
/* End PBXFrameworksBuildPhase section */

/* Begin PBXGroup section */
		503ACCA31C339E090090DB6C /* Silver */ = {
			isa = PBXGroup;
			children = (
				5077CE401C335EE700152D00 /* Silver.swift */,
				503ACCA41C339E260090DB6C /* CuminicableExtensions.swift */,
			);
			name = Silver;
			sourceTree = "<group>";
		};
		504D09FC1C3324B3009F5A7B = {
			isa = PBXGroup;
			children = (
				504D0A1C1C332FE9009F5A7B /* main.swift */,
				504D0A071C3324B3009F5A7B /* SwiftRiffle */,
				506BC3241C33402A00FE896F /* Misc */,
				504D0A061C3324B3009F5A7B /* Products */,
			);
			sourceTree = "<group>";
		};
		504D0A061C3324B3009F5A7B /* Products */ = {
			isa = PBXGroup;
			children = (
				504D0A051C3324B3009F5A7B /* SwiftRiffle */,
			);
			name = Products;
			sourceTree = "<group>";
		};
		504D0A071C3324B3009F5A7B /* SwiftRiffle */ = {
			isa = PBXGroup;
			children = (
				503ACCA31C339E090090DB6C /* Silver */,
				504D0A1E1C333FC9009F5A7B /* Cumin.swift */,
				504D0A1F1C333FC9009F5A7B /* Deferred.swift */,
				504D0A201C333FC9009F5A7B /* Domain.swift */,
				504D0A141C332FA8009F5A7B /* Json.swift */,
				5077CE3D1C334EEB00152D00 /* Model.swift */,
				504D0A211C333FC9009F5A7B /* Utils.swift */,
				5077CE3C1C334EEB00152D00 /* GenericShotgun.swift */,
			);
			path = SwiftRiffle;
			sourceTree = "<group>";
		};
		506BC3241C33402A00FE896F /* Misc */ = {
			isa = PBXGroup;
			children = (
				503ACCA61C33A3450090DB6C /* MyPlayground.playground */,
				504D0A121C332F8F009F5A7B /* riffle.h */,
				504D0A0F1C332F8F009F5A7B /* Bridge.h */,
				504D0A111C332F8F009F5A7B /* riffle.a */,
			);
			name = Misc;
			sourceTree = "<group>";
		};
/* End PBXGroup section */

/* Begin PBXNativeTarget section */
		504D0A041C3324B3009F5A7B /* SwiftRiffle */ = {
			isa = PBXNativeTarget;
			buildConfigurationList = 504D0A0C1C3324B3009F5A7B /* Build configuration list for PBXNativeTarget "SwiftRiffle" */;
			buildPhases = (
				504D0A011C3324B3009F5A7B /* Sources */,
				504D0A021C3324B3009F5A7B /* Frameworks */,
				504D0A031C3324B3009F5A7B /* CopyFiles */,
			);
			buildRules = (
			);
			dependencies = (
			);
			name = SwiftRiffle;
			productName = SwiftRiffle;
			productReference = 504D0A051C3324B3009F5A7B /* SwiftRiffle */;
			productType = "com.apple.product-type.tool";
		};
/* End PBXNativeTarget section */

/* Begin PBXProject section */
		504D09FD1C3324B3009F5A7B /* Project object */ = {
			isa = PBXProject;
			attributes = {
				LastSwiftUpdateCheck = 0720;
				LastUpgradeCheck = 0720;
				ORGANIZATIONNAME = Exis;
				TargetAttributes = {
					504D0A041C3324B3009F5A7B = {
						CreatedOnToolsVersion = 7.2;
					};
				};
			};
			buildConfigurationList = 504D0A001C3324B3009F5A7B /* Build configuration list for PBXProject "SwiftRiffle" */;
			compatibilityVersion = "Xcode 3.2";
			developmentRegion = English;
			hasScannedForEncodings = 0;
			knownRegions = (
				en,
			);
			mainGroup = 504D09FC1C3324B3009F5A7B;
			productRefGroup = 504D0A061C3324B3009F5A7B /* Products */;
			projectDirPath = "";
			projectRoot = "";
			targets = (
				504D0A041C3324B3009F5A7B /* SwiftRiffle */,
			);
		};
/* End PBXProject section */

/* Begin PBXSourcesBuildPhase section */
		504D0A011C3324B3009F5A7B /* Sources */ = {
			isa = PBXSourcesBuildPhase;
			buildActionMask = 2147483647;
			files = (
				504D0A181C332FA8009F5A7B /* Json.swift in Sources */,
				504D0A1D1C332FE9009F5A7B /* main.swift in Sources */,
				504D0A231C333FC9009F5A7B /* Deferred.swift in Sources */,
				5077CE3E1C334EEB00152D00 /* GenericShotgun.swift in Sources */,
				504D0A221C333FC9009F5A7B /* Cumin.swift in Sources */,
				5077CE411C335EE700152D00 /* Silver.swift in Sources */,
				504D0A241C333FC9009F5A7B /* Domain.swift in Sources */,
				504D0A251C333FC9009F5A7B /* Utils.swift in Sources */,
				503ACCA51C339E260090DB6C /* CuminicableExtensions.swift in Sources */,
				5077CE3F1C334EEB00152D00 /* Model.swift in Sources */,
			);
			runOnlyForDeploymentPostprocessing = 0;
		};
/* End PBXSourcesBuildPhase section */

/* Begin XCBuildConfiguration section */
		504D0A0A1C3324B3009F5A7B /* Debug */ = {
			isa = XCBuildConfiguration;
			buildSettings = {
				ALWAYS_SEARCH_USER_PATHS = NO;
				CLANG_CXX_LANGUAGE_STANDARD = "gnu++0x";
				CLANG_CXX_LIBRARY = "libc++";
				CLANG_ENABLE_MODULES = YES;
				CLANG_ENABLE_OBJC_ARC = YES;
				CLANG_WARN_BOOL_CONVERSION = YES;
				CLANG_WARN_CONSTANT_CONVERSION = YES;
				CLANG_WARN_DIRECT_OBJC_ISA_USAGE = YES_ERROR;
				CLANG_WARN_EMPTY_BODY = YES;
				CLANG_WARN_ENUM_CONVERSION = YES;
				CLANG_WARN_INT_CONVERSION = YES;
				CLANG_WARN_OBJC_ROOT_CLASS = YES_ERROR;
				CLANG_WARN_UNREACHABLE_CODE = YES;
				CLANG_WARN__DUPLICATE_METHOD_MATCH = YES;
				CODE_SIGN_IDENTITY = "-";
				COPY_PHASE_STRIP = NO;
				DEBUG_INFORMATION_FORMAT = dwarf;
				ENABLE_STRICT_OBJC_MSGSEND = YES;
				ENABLE_TESTABILITY = YES;
				GCC_C_LANGUAGE_STANDARD = gnu99;
				GCC_DYNAMIC_NO_PIC = NO;
				GCC_NO_COMMON_BLOCKS = YES;
				GCC_OPTIMIZATION_LEVEL = 0;
				GCC_PREPROCESSOR_DEFINITIONS = (
					"DEBUG=1",
					"$(inherited)",
				);
				GCC_WARN_64_TO_32_BIT_CONVERSION = YES;
				GCC_WARN_ABOUT_RETURN_TYPE = YES_ERROR;
				GCC_WARN_UNDECLARED_SELECTOR = YES;
				GCC_WARN_UNINITIALIZED_AUTOS = YES_AGGRESSIVE;
				GCC_WARN_UNUSED_FUNCTION = YES;
				GCC_WARN_UNUSED_VARIABLE = YES;
				MACOSX_DEPLOYMENT_TARGET = 10.11;
				MTL_ENABLE_DEBUG_INFO = YES;
				ONLY_ACTIVE_ARCH = YES;
				SDKROOT = macosx;
				SWIFT_OPTIMIZATION_LEVEL = "-Onone";
			};
			name = Debug;
		};
		504D0A0B1C3324B3009F5A7B /* Release */ = {
			isa = XCBuildConfiguration;
			buildSettings = {
				ALWAYS_SEARCH_USER_PATHS = NO;
				CLANG_CXX_LANGUAGE_STANDARD = "gnu++0x";
				CLANG_CXX_LIBRARY = "libc++";
				CLANG_ENABLE_MODULES = YES;
				CLANG_ENABLE_OBJC_ARC = YES;
				CLANG_WARN_BOOL_CONVERSION = YES;
				CLANG_WARN_CONSTANT_CONVERSION = YES;
				CLANG_WARN_DIRECT_OBJC_ISA_USAGE = YES_ERROR;
				CLANG_WARN_EMPTY_BODY = YES;
				CLANG_WARN_ENUM_CONVERSION = YES;
				CLANG_WARN_INT_CONVERSION = YES;
				CLANG_WARN_OBJC_ROOT_CLASS = YES_ERROR;
				CLANG_WARN_UNREACHABLE_CODE = YES;
				CLANG_WARN__DUPLICATE_METHOD_MATCH = YES;
				CODE_SIGN_IDENTITY = "-";
				COPY_PHASE_STRIP = NO;
				DEBUG_INFORMATION_FORMAT = "dwarf-with-dsym";
				ENABLE_NS_ASSERTIONS = NO;
				ENABLE_STRICT_OBJC_MSGSEND = YES;
				GCC_C_LANGUAGE_STANDARD = gnu99;
				GCC_NO_COMMON_BLOCKS = YES;
				GCC_WARN_64_TO_32_BIT_CONVERSION = YES;
				GCC_WARN_ABOUT_RETURN_TYPE = YES_ERROR;
				GCC_WARN_UNDECLARED_SELECTOR = YES;
				GCC_WARN_UNINITIALIZED_AUTOS = YES_AGGRESSIVE;
				GCC_WARN_UNUSED_FUNCTION = YES;
				GCC_WARN_UNUSED_VARIABLE = YES;
				MACOSX_DEPLOYMENT_TARGET = 10.11;
				MTL_ENABLE_DEBUG_INFO = NO;
				SDKROOT = macosx;
			};
			name = Release;
		};
		504D0A0D1C3324B3009F5A7B /* Debug */ = {
			isa = XCBuildConfiguration;
			buildSettings = {
				CLANG_ENABLE_MODULES = YES;
				LD_RUNPATH_SEARCH_PATHS = "$(inherited) @executable_path/../Frameworks @loader_path/../Frameworks";
				LIBRARY_SEARCH_PATHS = (
					"$(inherited)",
					"$(PROJECT_DIR)",
				);
				PRODUCT_NAME = "$(TARGET_NAME)";
				SWIFT_OBJC_BRIDGING_HEADER = Bridge.h;
				SWIFT_OPTIMIZATION_LEVEL = "-Onone";
			};
			name = Debug;
		};
		504D0A0E1C3324B3009F5A7B /* Release */ = {
			isa = XCBuildConfiguration;
			buildSettings = {
				CLANG_ENABLE_MODULES = YES;
				LD_RUNPATH_SEARCH_PATHS = "$(inherited) @executable_path/../Frameworks @loader_path/../Frameworks";
				LIBRARY_SEARCH_PATHS = (
					"$(inherited)",
					"$(PROJECT_DIR)",
				);
				PRODUCT_NAME = "$(TARGET_NAME)";
				SWIFT_OBJC_BRIDGING_HEADER = Bridge.h;
			};
			name = Release;
		};
/* End XCBuildConfiguration section */

/* Begin XCConfigurationList section */
		504D0A001C3324B3009F5A7B /* Build configuration list for PBXProject "SwiftRiffle" */ = {
			isa = XCConfigurationList;
			buildConfigurations = (
				504D0A0A1C3324B3009F5A7B /* Debug */,
				504D0A0B1C3324B3009F5A7B /* Release */,
			);
			defaultConfigurationIsVisible = 0;
			defaultConfigurationName = Release;
		};
		504D0A0C1C3324B3009F5A7B /* Build configuration list for PBXNativeTarget "SwiftRiffle" */ = {
			isa = XCConfigurationList;
			buildConfigurations = (
				504D0A0D1C3324B3009F5A7B /* Debug */,
				504D0A0E1C3324B3009F5A7B /* Release */,
			);
			defaultConfigurationIsVisible = 0;
			defaultConfigurationName = Release;
		};
/* End XCConfigurationList section */
	};
	rootObject = 504D09FD1C3324B3009F5A7B /* Project object */;
}
